
Microsoft Visual Studio Solution File, Format Version 12.00
# Visual Studio Version 17
VisualStudioVersion = 17.9.34607.119
MinimumVisualStudioVersion = 10.0.40219.1
Project("{FAE04EC0-301F-11D3-BF4B-00C04F79EFBC}") = "AInheritanceRecap", "AInheritanceRecap\AInheritanceRecap.csproj", "{0AB2A1FB-742B-4091-94CE-2650C4EF028F}"
EndProject
Project("{FAE04EC0-301F-11D3-BF4B-00C04F79EFBC}") = "BOverridingToString", "BOverridingToString\BOverridingToString.csproj", "{9DE36895-BF17-4AA1-BBF9-39ECC0BA1D37}"
EndProject
Project("{FAE04EC0-301F-11D3-BF4B-00C04F79EFBC}") = "CEquality", "CEquality\CEquality.csproj", "{C17B2239-883B-4556-890E-1AE9224D34DB}"
EndProject
Project("{FAE04EC0-301F-11D3-BF4B-00C04F79EFBC}") = "DAbstractMethods", "DAbstractMethods\DAbstractMethods.csproj", "{DC10476F-C8A1-483E-A2D2-02C23534D2C9}"
EndProject
Global
	GlobalSection(SolutionConfigurationPlatforms) = preSolution
		Debug|Any CPU = Debug|Any CPU
		Release|Any CPU = Release|Any CPU
	EndGlobalSection
	GlobalSection(ProjectConfigurationPlatforms) = postSolution
		{0AB2A1FB-742B-4091-94CE-2650C4EF028F}.Debug|Any CPU.ActiveCfg = Debug|Any CPU
		{0AB2A1FB-742B-4091-94CE-2650C4EF028F}.Debug|Any CPU.Build.0 = Debug|Any CPU
		{0AB2A1FB-742B-4091-94CE-2650C4EF028F}.Release|Any CPU.ActiveCfg = Release|Any CPU
		{0AB2A1FB-742B-4091-94CE-2650C4EF028F}.Release|Any CPU.Build.0 = Release|Any CPU
		{9DE36895-BF17-4AA1-BBF9-39ECC0BA1D37}.Debug|Any CPU.ActiveCfg = Debug|Any CPU
		{9DE36895-BF17-4AA1-BBF9-39ECC0BA1D37}.Debug|Any CPU.Build.0 = Debug|Any CPU
		{9DE36895-BF17-4AA1-BBF9-39ECC0BA1D37}.Release|Any CPU.ActiveCfg = Release|Any CPU
		{9DE36895-BF17-4AA1-BBF9-39ECC0BA1D37}.Release|Any CPU.Build.0 = Release|Any CPU
		{C17B2239-883B-4556-890E-1AE9224D34DB}.Debug|Any CPU.ActiveCfg = Debug|Any CPU
		{C17B2239-883B-4556-890E-1AE9224D34DB}.Debug|Any CPU.Build.0 = Debug|Any CPU
		{C17B2239-883B-4556-890E-1AE9224D34DB}.Release|Any CPU.ActiveCfg = Release|Any CPU
		{C17B2239-883B-4556-890E-1AE9224D34DB}.Release|Any CPU.Build.0 = Release|Any CPU
		{DC10476F-C8A1-483E-A2D2-02C23534D2C9}.Debug|Any CPU.ActiveCfg = Debug|Any CPU
		{DC10476F-C8A1-483E-A2D2-02C23534D2C9}.Debug|Any CPU.Build.0 = Debug|Any CPU
		{DC10476F-C8A1-483E-A2D2-02C23534D2C9}.Release|Any CPU.ActiveCfg = Release|Any CPU
		{DC10476F-C8A1-483E-A2D2-02C23534D2C9}.Release|Any CPU.Build.0 = Release|Any CPU
	EndGlobalSection
	GlobalSection(SolutionProperties) = preSolution
		HideSolutionNode = FALSE
	EndGlobalSection
	GlobalSection(ExtensibilityGlobals) = postSolution
		SolutionGuid = {F51FD9C2-6E44-4AFE-B837-00886DA312FE}
	EndGlobalSection
EndGlobal
